
Microsoft Visual Studio Solution File, Format Version 12.00
# Visual Studio Version 16
VisualStudioVersion = 16.0.809.7
MinimumVisualStudioVersion = 10.0.40219.1
Project("{FAE04EC0-301F-11D3-BF4B-00C04F79EFBC}") = "Synesthesia.Android", "Synesthesia.Android\Synesthesia.Android.csproj", "{4F530161-C341-4CEA-AC24-02726B62CC70}"
EndProject
Project("{FAE04EC0-301F-11D3-BF4B-00C04F79EFBC}") = "Synesthesia.iOS", "Synesthesia.iOS\Synesthesia.iOS.csproj", "{8875C94F-DD54-46E6-8207-074C057C8B2C}"
EndProject
Project("{9A19103F-16F7-4668-BE54-9A1E7A4F7556}") = "Synesthesia", "Synesthesia\Synesthesia.csproj", "{B0B64F94-A302-4016-8CAC-DB07B76E6D67}"
EndProject
Global
	GlobalSection(SolutionConfigurationPlatforms) = preSolution
		Debug|Any CPU = Debug|Any CPU
		Debug|iPhone = Debug|iPhone
		Debug|iPhoneSimulator = Debug|iPhoneSimulator
		Release|Any CPU = Release|Any CPU
		Release|iPhone = Release|iPhone
		Release|iPhoneSimulator = Release|iPhoneSimulator
	EndGlobalSection
	GlobalSection(ProjectConfigurationPlatforms) = postSolution
		{4F530161-C341-4CEA-AC24-02726B62CC70}.Debug|Any CPU.ActiveCfg = Debug|Any CPU
		{4F530161-C341-4CEA-AC24-02726B62CC70}.Debug|Any CPU.Build.0 = Debug|Any CPU
		{4F530161-C341-4CEA-AC24-02726B62CC70}.Debug|Any CPU.Deploy.0 = Debug|Any CPU
		{4F530161-C341-4CEA-AC24-02726B62CC70}.Debug|iPhone.ActiveCfg = Debug|Any CPU
		{4F530161-C341-4CEA-AC24-02726B62CC70}.Debug|iPhone.Build.0 = Debug|Any CPU
		{4F530161-C341-4CEA-AC24-02726B62CC70}.Debug|iPhoneSimulator.ActiveCfg = Debug|Any CPU
		{4F530161-C341-4CEA-AC24-02726B62CC70}.Debug|iPhoneSimulator.Build.0 = Debug|Any CPU
		{4F530161-C341-4CEA-AC24-02726B62CC70}.Release|Any CPU.ActiveCfg = Release|Any CPU
		{4F530161-C341-4CEA-AC24-02726B62CC70}.Release|Any CPU.Build.0 = Release|Any CPU
		{4F530161-C341-4CEA-AC24-02726B62CC70}.Release|iPhone.ActiveCfg = Release|Any CPU
		{4F530161-C341-4CEA-AC24-02726B62CC70}.Release|iPhone.Build.0 = Release|Any CPU
		{4F530161-C341-4CEA-AC24-02726B62CC70}.Release|iPhoneSimulator.ActiveCfg = Release|Any CPU
		{4F530161-C341-4CEA-AC24-02726B62CC70}.Release|iPhoneSimulator.Build.0 = Release|Any CPU
		{8875C94F-DD54-46E6-8207-074C057C8B2C}.Debug|Any CPU.ActiveCfg = Debug|iPhoneSimulator
		{8875C94F-DD54-46E6-8207-074C057C8B2C}.Debug|Any CPU.Build.0 = Debug|iPhoneSimulator
		{8875C94F-DD54-46E6-8207-074C057C8B2C}.Debug|iPhone.ActiveCfg = Debug|iPhone
		{8875C94F-DD54-46E6-8207-074C057C8B2C}.Debug|iPhone.Build.0 = Debug|iPhone
		{8875C94F-DD54-46E6-8207-074C057C8B2C}.Debug|iPhoneSimulator.ActiveCfg = Debug|iPhoneSimulator
		{8875C94F-DD54-46E6-8207-074C057C8B2C}.Debug|iPhoneSimulator.Build.0 = Debug|iPhoneSimulator
		{8875C94F-DD54-46E6-8207-074C057C8B2C}.Release|Any CPU.ActiveCfg = Release|iPhoneSimulator
		{8875C94F-DD54-46E6-8207-074C057C8B2C}.Release|Any CPU.Build.0 = Release|iPhoneSimulator
		{8875C94F-DD54-46E6-8207-074C057C8B2C}.Release|iPhone.ActiveCfg = Release|iPhone
		{8875C94F-DD54-46E6-8207-074C057C8B2C}.Release|iPhone.Build.0 = Release|iPhone
		{8875C94F-DD54-46E6-8207-074C057C8B2C}.Release|iPhoneSimulator.ActiveCfg = Release|iPhoneSimulator
		{8875C94F-DD54-46E6-8207-074C057C8B2C}.Release|iPhoneSimulator.Build.0 = Release|iPhoneSimulator
		{B0B64F94-A302-4016-8CAC-DB07B76E6D67}.Debug|Any CPU.ActiveCfg = Debug|Any CPU
		{B0B64F94-A302-4016-8CAC-DB07B76E6D67}.Debug|Any CPU.Build.0 = Debug|Any CPU
		{B0B64F94-A302-4016-8CAC-DB07B76E6D67}.Debug|iPhone.ActiveCfg = Debug|Any CPU
		{B0B64F94-A302-4016-8CAC-DB07B76E6D67}.Debug|iPhone.Build.0 = Debug|Any CPU
		{B0B64F94-A302-4016-8CAC-DB07B76E6D67}.Debug|iPhoneSimulator.ActiveCfg = Debug|Any CPU
		{B0B64F94-A302-4016-8CAC-DB07B76E6D67}.Debug|iPhoneSimulator.Build.0 = Debug|Any CPU
		{B0B64F94-A302-4016-8CAC-DB07B76E6D67}.Release|Any CPU.ActiveCfg = Release|Any CPU
		{B0B64F94-A302-4016-8CAC-DB07B76E6D67}.Release|Any CPU.Build.0 = Release|Any CPU
		{B0B64F94-A302-4016-8CAC-DB07B76E6D67}.Release|iPhone.ActiveCfg = Release|Any CPU
		{B0B64F94-A302-4016-8CAC-DB07B76E6D67}.Release|iPhone.Build.0 = Release|Any CPU
		{B0B64F94-A302-4016-8CAC-DB07B76E6D67}.Release|iPhoneSimulator.ActiveCfg = Release|Any CPU
		{B0B64F94-A302-4016-8CAC-DB07B76E6D67}.Release|iPhoneSimulator.Build.0 = Release|Any CPU
	EndGlobalSection
	GlobalSection(SolutionProperties) = preSolution
		HideSolutionNode = FALSE
	EndGlobalSection
	GlobalSection(ExtensibilityGlobals) = postSolution
		SolutionGuid = {6CC4DC81-2E06-424E-A21E-6676C7F48476}
	EndGlobalSection
EndGlobal
